
Microsoft Visual Studio Solution File, Format Version 12.00
# Visual Studio Version 17
VisualStudioVersion = 17.9.34728.123
MinimumVisualStudioVersion = 10.0.40219.1
Project("{2150E333-8FDC-42A3-9474-1A3956D46DE8}") = "task-1", "task-1", "{9DC2B3A1-37B7-47C6-8B83-2B7719409FF7}"
EndProject
Project("{9A19103F-16F7-4668-BE54-9A1E7A4F7556}") = "Task1", "task-1\Task1\Task1.csproj", "{DA4ABD93-9937-4DD0-94D6-8A6288606284}"
EndProject
Project("{FAE04EC0-301F-11D3-BF4B-00C04F79EFBC}") = "Task1.Tests", "task-1\Task1.Tests\Task1.Tests.csproj", "{CE3EF7EC-7A35-4FC7-B4D4-FE5C12E906E6}"
EndProject
Global
	GlobalSection(SolutionConfigurationPlatforms) = preSolution
		Debug|Any CPU = Debug|Any CPU
		Release|Any CPU = Release|Any CPU
	EndGlobalSection
	GlobalSection(ProjectConfigurationPlatforms) = postSolution
		{DA4ABD93-9937-4DD0-94D6-8A6288606284}.Debug|Any CPU.ActiveCfg = Debug|Any CPU
		{DA4ABD93-9937-4DD0-94D6-8A6288606284}.Debug|Any CPU.Build.0 = Debug|Any CPU
		{DA4ABD93-9937-4DD0-94D6-8A6288606284}.Release|Any CPU.ActiveCfg = Release|Any CPU
		{DA4ABD93-9937-4DD0-94D6-8A6288606284}.Release|Any CPU.Build.0 = Release|Any CPU
		{CE3EF7EC-7A35-4FC7-B4D4-FE5C12E906E6}.Debug|Any CPU.ActiveCfg = Debug|Any CPU
		{CE3EF7EC-7A35-4FC7-B4D4-FE5C12E906E6}.Debug|Any CPU.Build.0 = Debug|Any CPU
		{CE3EF7EC-7A35-4FC7-B4D4-FE5C12E906E6}.Release|Any CPU.ActiveCfg = Release|Any CPU
		{CE3EF7EC-7A35-4FC7-B4D4-FE5C12E906E6}.Release|Any CPU.Build.0 = Release|Any CPU
	EndGlobalSection
	GlobalSection(SolutionProperties) = preSolution
		HideSolutionNode = FALSE
	EndGlobalSection
	GlobalSection(NestedProjects) = preSolution
		{DA4ABD93-9937-4DD0-94D6-8A6288606284} = {9DC2B3A1-37B7-47C6-8B83-2B7719409FF7}
		{CE3EF7EC-7A35-4FC7-B4D4-FE5C12E906E6} = {9DC2B3A1-37B7-47C6-8B83-2B7719409FF7}
	EndGlobalSection
	GlobalSection(ExtensibilityGlobals) = postSolution
		SolutionGuid = {8514E5A9-7209-4927-BEB3-37EE912B3C12}
	EndGlobalSection
EndGlobal
